// !$*UTF8*$!
{
	archiveVersion = 1;
	classes = {
	};
	objectVersion = 50;
	objects = {

/* Begin PBXBuildFile section */
		9B86B72023C7C48300B1A07D /* AppDelegate.swift in Sources */ = {isa = PBXBuildFile; fileRef = 9B86B71F23C7C48300B1A07D /* AppDelegate.swift */; };
		9B86B72223C7C48300B1A07D /* SceneDelegate.swift in Sources */ = {isa = PBXBuildFile; fileRef = 9B86B72123C7C48300B1A07D /* SceneDelegate.swift */; };
		9B86B72423C7C48300B1A07D /* ViewController.swift in Sources */ = {isa = PBXBuildFile; fileRef = 9B86B72323C7C48300B1A07D /* ViewController.swift */; };
		9B86B72723C7C48300B1A07D /* Main.storyboard in Resources */ = {isa = PBXBuildFile; fileRef = 9B86B72523C7C48300B1A07D /* Main.storyboard */; };
		9B86B72A23C7C48300B1A07D /* TestLab.xcdatamodeld in Sources */ = {isa = PBXBuildFile; fileRef = 9B86B72823C7C48300B1A07D /* TestLab.xcdatamodeld */; };
		9B86B72C23C7C48400B1A07D /* Assets.xcassets in Resources */ = {isa = PBXBuildFile; fileRef = 9B86B72B23C7C48400B1A07D /* Assets.xcassets */; };
		9B86B72F23C7C48400B1A07D /* LaunchScreen.storyboard in Resources */ = {isa = PBXBuildFile; fileRef = 9B86B72D23C7C48400B1A07D /* LaunchScreen.storyboard */; };
/* End PBXBuildFile section */

/* Begin PBXFileReference section */
		9B86B71C23C7C48300B1A07D /* TestLab.app */ = {isa = PBXFileReference; explicitFileType = wrapper.application; includeInIndex = 0; path = TestLab.app; sourceTree = BUILT_PRODUCTS_DIR; };
		9B86B71F23C7C48300B1A07D /* AppDelegate.swift */ = {isa = PBXFileReference; lastKnownFileType = sourcecode.swift; path = AppDelegate.swift; sourceTree = "<group>"; };
		9B86B72123C7C48300B1A07D /* SceneDelegate.swift */ = {isa = PBXFileReference; lastKnownFileType = sourcecode.swift; path = SceneDelegate.swift; sourceTree = "<group>"; };
		9B86B72323C7C48300B1A07D /* ViewController.swift */ = {isa = PBXFileReference; lastKnownFileType = sourcecode.swift; path = ViewController.swift; sourceTree = "<group>"; };
		9B86B72623C7C48300B1A07D /* Base */ = {isa = PBXFileReference; lastKnownFileType = file.storyboard; name = Base; path = Base.lproj/Main.storyboard; sourceTree = "<group>"; };
		9B86B72923C7C48300B1A07D /* TestLab.xcdatamodel */ = {isa = PBXFileReference; lastKnownFileType = wrapper.xcdatamodel; path = TestLab.xcdatamodel; sourceTree = "<group>"; };
		9B86B72B23C7C48400B1A07D /* Assets.xcassets */ = {isa = PBXFileReference; lastKnownFileType = folder.assetcatalog; path = Assets.xcassets; sourceTree = "<group>"; };
		9B86B72E23C7C48400B1A07D /* Base */ = {isa = PBXFileReference; lastKnownFileType = file.storyboard; name = Base; path = Base.lproj/LaunchScreen.storyboard; sourceTree = "<group>"; };
		9B86B73023C7C48400B1A07D /* Info.plist */ = {isa = PBXFileReference; lastKnownFileType = text.plist.xml; path = Info.plist; sourceTree = "<group>"; };
/* End PBXFileReference section */

/* Begin PBXFrameworksBuildPhase section */
		9B86B71923C7C48300B1A07D /* Frameworks */ = {
			isa = PBXFrameworksBuildPhase;
			buildActionMask = 2147483647;
			files = (
			);
			runOnlyForDeploymentPostprocessing = 0;
		};
/* End PBXFrameworksBuildPhase section */

/* Begin PBXGroup section */
		9B86B71323C7C48300B1A07D = {
			isa = PBXGroup;
			children = (
				9B86B71E23C7C48300B1A07D /* TestLab */,
				9B86B71D23C7C48300B1A07D /* Products */,
			);
			sourceTree = "<group>";
		};
		9B86B71D23C7C48300B1A07D /* Products */ = {
			isa = PBXGroup;
			children = (
				9B86B71C23C7C48300B1A07D /* TestLab.app */,
			);
			name = Products;
			sourceTree = "<group>";
		};
		9B86B71E23C7C48300B1A07D /* TestLab */ = {
			isa = PBXGroup;
			children = (
				9B86B71F23C7C48300B1A07D /* AppDelegate.swift */,
				9B86B72123C7C48300B1A07D /* SceneDelegate.swift */,
				9B86B72323C7C48300B1A07D /* ViewController.swift */,
				9B86B72523C7C48300B1A07D /* Main.storyboard */,
				9B86B72B23C7C48400B1A07D /* Assets.xcassets */,
				9B86B72D23C7C48400B1A07D /* LaunchScreen.storyboard */,
				9B86B73023C7C48400B1A07D /* Info.plist */,
				9B86B72823C7C48300B1A07D /* TestLab.xcdatamodeld */,
			);
			path = TestLab;
			sourceTree = "<group>";
		};
/* End PBXGroup section */

/* Begin PBXNativeTarget section */
		9B86B71B23C7C48300B1A07D /* TestLab */ = {
			isa = PBXNativeTarget;
			buildConfigurationList = 9B86B73323C7C48400B1A07D /* Build configuration list for PBXNativeTarget "TestLab" */;
			buildPhases = (
				9B86B71823C7C48300B1A07D /* Sources */,
				9B86B71923C7C48300B1A07D /* Frameworks */,
				9B86B71A23C7C48300B1A07D /* Resources */,
			);
			buildRules = (
			);
			dependencies = (
			);
			name = TestLab;
			productName = TestLab;
			productReference = 9B86B71C23C7C48300B1A07D /* TestLab.app */;
			productType = "com.apple.product-type.application";
		};
/* End PBXNativeTarget section */

/* Begin PBXProject section */
		9B86B71423C7C48300B1A07D /* Project object */ = {
			isa = PBXProject;
			attributes = {
				LastSwiftUpdateCheck = 1130;
				LastUpgradeCheck = 1130;
				ORGANIZATIONNAME = MacStudent;
				TargetAttributes = {
					9B86B71B23C7C48300B1A07D = {
						CreatedOnToolsVersion = 11.3;
					};
				};
			};
			buildConfigurationList = 9B86B71723C7C48300B1A07D /* Build configuration list for PBXProject "TestLab" */;
			compatibilityVersion = "Xcode 9.3";
			developmentRegion = en;
			hasScannedForEncodings = 0;
			knownRegions = (
				en,
				Base,
			);
			mainGroup = 9B86B71323C7C48300B1A07D;
			productRefGroup = 9B86B71D23C7C48300B1A07D /* Products */;
			projectDirPath = "";
			projectRoot = "";
			targets = (
				9B86B71B23C7C48300B1A07D /* TestLab */,
			);
		};
/* End PBXProject section */

/* Begin PBXResourcesBuildPhase section */
		9B86B71A23C7C48300B1A07D /* Resources */ = {
			isa = PBXResourcesBuildPhase;
			buildActionMask = 2147483647;
			files = (
				9B86B72F23C7C48400B1A07D /* LaunchScreen.storyboard in Resources */,
				9B86B72C23C7C48400B1A07D /* Assets.xcassets in Resources */,
				9B86B72723C7C48300B1A07D /* Main.storyboard in Resources */,
			);
			runOnlyForDeploymentPostprocessing = 0;
		};
/* End PBXResourcesBuildPhase section */

/* Begin PBXSourcesBuildPhase section */
		9B86B71823C7C48300B1A07D /* Sources */ = {
			isa = PBXSourcesBuildPhase;
			buildActionMask = 2147483647;
			files = (
				9B86B72423C7C48300B1A07D /* ViewController.swift in Sources */,
				9B86B72023C7C48300B1A07D /* AppDelegate.swift in Sources */,
				9B86B72223C7C48300B1A07D /* SceneDelegate.swift in Sources */,
				9B86B72A23C7C48300B1A07D /* TestLab.xcdatamodeld in Sources */,
			);
			runOnlyForDeploymentPostprocessing = 0;
		};
/* End PBXSourcesBuildPhase section */

/* Begin PBXVariantGroup section */
		9B86B72523C7C48300B1A07D /* Main.storyboard */ = {
			isa = PBXVariantGroup;
			children = (
				9B86B72623C7C48300B1A07D /* Base */,
			);
			name = Main.storyboard;
			sourceTree = "<group>";
		};
		9B86B72D23C7C48400B1A07D /* LaunchScreen.storyboard */ = {
			isa = PBXVariantGroup;
			children = (
				9B86B72E23C7C48400B1A07D /* Base */,
			);
			name = LaunchScreen.storyboard;
			sourceTree = "<group>";
		};
/* End PBXVariantGroup section */

/* Begin XCBuildConfiguration section */
		9B86B73123C7C48400B1A07D /* Debug */ = {
			isa = XCBuildConfiguration;
			buildSettings = {
				ALWAYS_SEARCH_USER_PATHS = NO;
				CLANG_ANALYZER_NONNULL = YES;
				CLANG_ANALYZER_NUMBER_OBJECT_CONVERSION = YES_AGGRESSIVE;
				CLANG_CXX_LANGUAGE_STANDARD = "gnu++14";
				CLANG_CXX_LIBRARY = "libc++";
				CLANG_ENABLE_MODULES = YES;
				CLANG_ENABLE_OBJC_ARC = YES;
				CLANG_ENABLE_OBJC_WEAK = YES;
				CLANG_WARN_BLOCK_CAPTURE_AUTORELEASING = YES;
				CLANG_WARN_BOOL_CONVERSION = YES;
				CLANG_WARN_COMMA = YES;
				CLANG_WARN_CONSTANT_CONVERSION = YES;
				CLANG_WARN_DEPRECATED_OBJC_IMPLEMENTATIONS = YES;
				CLANG_WARN_DIRECT_OBJC_ISA_USAGE = YES_ERROR;
				CLANG_WARN_DOCUMENTATION_COMMENTS = YES;
				CLANG_WARN_EMPTY_BODY = YES;
				CLANG_WARN_ENUM_CONVERSION = YES;
				CLANG_WARN_INFINITE_RECURSION = YES;
				CLANG_WARN_INT_CONVERSION = YES;
				CLANG_WARN_NON_LITERAL_NULL_CONVERSION = YES;
				CLANG_WARN_OBJC_IMPLICIT_RETAIN_SELF = YES;
				CLANG_WARN_OBJC_LITERAL_CONVERSION = YES;
				CLANG_WARN_OBJC_ROOT_CLASS = YES_ERROR;
				CLANG_WARN_RANGE_LOOP_ANALYSIS = YES;
				CLANG_WARN_STRICT_PROTOTYPES = YES;
				CLANG_WARN_SUSPICIOUS_MOVE = YES;
				CLANG_WARN_UNGUARDED_AVAILABILITY = YES_AGGRESSIVE;
				CLANG_WARN_UNREACHABLE_CODE = YES;
				CLANG_WARN__DUPLICATE_METHOD_MATCH = YES;
				COPY_PHASE_STRIP = NO;
				DEBUG_INFORMATION_FORMAT = dwarf;
				ENABLE_STRICT_OBJC_MSGSEND = YES;
				ENABLE_TESTABILITY = YES;
				GCC_C_LANGUAGE_STANDARD = gnu11;
				GCC_DYNAMIC_NO_PIC = NO;
				GCC_NO_COMMON_BLOCKS = YES;
				GCC_OPTIMIZATION_LEVEL = 0;
				GCC_PREPROCESSOR_DEFINITIONS = (
					"DEBUG=1",
					"$(inherited)",
				);
				GCC_WARN_64_TO_32_BIT_CONVERSION = YES;
				GCC_WARN_ABOUT_RETURN_TYPE = YES_ERROR;
				GCC_WARN_UNDECLARED_SELECTOR = YES;
				GCC_WARN_UNINITIALIZED_AUTOS = YES_AGGRESSIVE;
				GCC_WARN_UNUSED_FUNCTION = YES;
				GCC_WARN_UNUSED_VARIABLE = YES;
				IPHONEOS_DEPLOYMENT_TARGET = 13.2;
				MTL_ENABLE_DEBUG_INFO = INCLUDE_SOURCE;
				MTL_FAST_MATH = YES;
				ONLY_ACTIVE_ARCH = YES;
				SDKROOT = iphoneos;
				SWIFT_ACTIVE_COMPILATION_CONDITIONS = DEBUG;
				SWIFT_OPTIMIZATION_LEVEL = "-Onone";
			};
			name = Debug;
		};
		9B86B73223C7C48400B1A07D /* Release */ = {
			isa = XCBuildConfiguration;
			buildSettings = {
				ALWAYS_SEARCH_USER_PATHS = NO;
				CLANG_ANALYZER_NONNULL = YES;
				CLANG_ANALYZER_NUMBER_OBJECT_CONVERSION = YES_AGGRESSIVE;
				CLANG_CXX_LANGUAGE_STANDARD = "gnu++14";
				CLANG_CXX_LIBRARY = "libc++";
				CLANG_ENABLE_MODULES = YES;
				CLANG_ENABLE_OBJC_ARC = YES;
				CLANG_ENABLE_OBJC_WEAK = YES;
				CLANG_WARN_BLOCK_CAPTURE_AUTORELEASING = YES;
				CLANG_WARN_BOOL_CONVERSION = YES;
				CLANG_WARN_COMMA = YES;
				CLANG_WARN_CONSTANT_CONVERSION = YES;
				CLANG_WARN_DEPRECATED_OBJC_IMPLEMENTATIONS = YES;
				CLANG_WARN_DIRECT_OBJC_ISA_USAGE = YES_ERROR;
				CLANG_WARN_DOCUMENTATION_COMMENTS = YES;
				CLANG_WARN_EMPTY_BODY = YES;
				CLANG_WARN_ENUM_CONVERSION = YES;
				CLANG_WARN_INFINITE_RECURSION = YES;
				CLANG_WARN_INT_CONVERSION = YES;
				CLANG_WARN_NON_LITERAL_NULL_CONVERSION = YES;
				CLANG_WARN_OBJC_IMPLICIT_RETAIN_SELF = YES;
				CLANG_WARN_OBJC_LITERAL_CONVERSION = YES;
				CLANG_WARN_OBJC_ROOT_CLASS = YES_ERROR;
				CLANG_WARN_RANGE_LOOP_ANALYSIS = YES;
				CLANG_WARN_STRICT_PROTOTYPES = YES;
				CLANG_WARN_SUSPICIOUS_MOVE = YES;
				CLANG_WARN_UNGUARDED_AVAILABILITY = YES_AGGRESSIVE;
				CLANG_WARN_UNREACHABLE_CODE = YES;
				CLANG_WARN__DUPLICATE_METHOD_MATCH = YES;
				COPY_PHASE_STRIP = NO;
				DEBUG_INFORMATION_FORMAT = "dwarf-with-dsym";
				ENABLE_NS_ASSERTIONS = NO;
				ENABLE_STRICT_OBJC_MSGSEND = YES;
				GCC_C_LANGUAGE_STANDARD = gnu11;
				GCC_NO_COMMON_BLOCKS = YES;
				GCC_WARN_64_TO_32_BIT_CONVERSION = YES;
				GCC_WARN_ABOUT_RETURN_TYPE = YES_ERROR;
				GCC_WARN_UNDECLARED_SELECTOR = YES;
				GCC_WARN_UNINITIALIZED_AUTOS = YES_AGGRESSIVE;
				GCC_WARN_UNUSED_FUNCTION = YES;
				GCC_WARN_UNUSED_VARIABLE = YES;
				IPHONEOS_DEPLOYMENT_TARGET = 13.2;
				MTL_ENABLE_DEBUG_INFO = NO;
				MTL_FAST_MATH = YES;
				SDKROOT = iphoneos;
				SWIFT_COMPILATION_MODE = wholemodule;
				SWIFT_OPTIMIZATION_LEVEL = "-O";
				VALIDATE_PRODUCT = YES;
			};
			name = Release;
		};
		9B86B73423C7C48400B1A07D /* Debug */ = {
			isa = XCBuildConfiguration;
			buildSettings = {
				ASSETCATALOG_COMPILER_APPICON_NAME = AppIcon;
				CODE_SIGN_STYLE = Automatic;
				INFOPLIST_FILE = TestLab/Info.plist;
				LD_RUNPATH_SEARCH_PATHS = (
					"$(inherited)",
					"@executable_path/Frameworks",
				);
				PRODUCT_BUNDLE_IDENTIFIER = CestarCollege.TestLab;
				PRODUCT_NAME = "$(TARGET_NAME)";
				SWIFT_VERSION = 5.0;
				TARGETED_DEVICE_FAMILY = "1,2";
			};
			name = Debug;
		};
		9B86B73523C7C48400B1A07D /* Release */ = {
			isa = XCBuildConfiguration;
			buildSettings = {
				ASSETCATALOG_COMPILER_APPICON_NAME = AppIcon;
				CODE_SIGN_STYLE = Automatic;
				INFOPLIST_FILE = TestLab/Info.plist;
				LD_RUNPATH_SEARCH_PATHS = (
					"$(inherited)",
					"@executable_path/Frameworks",
				);
				PRODUCT_BUNDLE_IDENTIFIER = CestarCollege.TestLab;
				PRODUCT_NAME = "$(TARGET_NAME)";
				SWIFT_VERSION = 5.0;
				TARGETED_DEVICE_FAMILY = "1,2";
			};
			name = Release;
		};
/* End XCBuildConfiguration section */

/* Begin XCConfigurationList section */
		9B86B71723C7C48300B1A07D /* Build configuration list for PBXProject "TestLab" */ = {
			isa = XCConfigurationList;
			buildConfigurations = (
				9B86B73123C7C48400B1A07D /* Debug */,
				9B86B73223C7C48400B1A07D /* Release */,
			);
			defaultConfigurationIsVisible = 0;
			defaultConfigurationName = Release;
		};
		9B86B73323C7C48400B1A07D /* Build configuration list for PBXNativeTarget "TestLab" */ = {
			isa = XCConfigurationList;
			buildConfigurations = (
				9B86B73423C7C48400B1A07D /* Debug */,
				9B86B73523C7C48400B1A07D /* Release */,
			);
			defaultConfigurationIsVisible = 0;
			defaultConfigurationName = Release;
		};
/* End XCConfigurationList section */

/* Begin XCVersionGroup section */
		9B86B72823C7C48300B1A07D /* TestLab.xcdatamodeld */ = {
			isa = XCVersionGroup;
			children = (
				9B86B72923C7C48300B1A07D /* TestLab.xcdatamodel */,
			);
			currentVersion = 9B86B72923C7C48300B1A07D /* TestLab.xcdatamodel */;
			path = TestLab.xcdatamodeld;
			sourceTree = "<group>";
			versionGroupType = wrapper.xcdatamodel;
		};
/* End XCVersionGroup section */
	};
	rootObject = 9B86B71423C7C48300B1A07D /* Project object */;
}
